
Microsoft Visual Studio Solution File, Format Version 12.00
# Visual Studio Version 17
VisualStudioVersion = 17.14.36202.13
MinimumVisualStudioVersion = 10.0.40219.1
Project("{FAE04EC0-301F-11D3-BF4B-00C04F79EFBC}") = "FinBytesTaxesAPI", "FinBytesTaxesAPI\FinBytesTaxesAPI.csproj", "{0464F011-F010-0B25-7974-8202A9858D6E}"
EndProject
Global
	GlobalSection(SolutionConfigurationPlatforms) = preSolution
		Debug|Any CPU = Debug|Any CPU
		Release|Any CPU = Release|Any CPU
	EndGlobalSection
	GlobalSection(ProjectConfigurationPlatforms) = postSolution
		{0464F011-F010-0B25-7974-8202A9858D6E}.Debug|Any CPU.ActiveCfg = Debug|Any CPU
		{0464F011-F010-0B25-7974-8202A9858D6E}.Debug|Any CPU.Build.0 = Debug|Any CPU
		{0464F011-F010-0B25-7974-8202A9858D6E}.Release|Any CPU.ActiveCfg = Release|Any CPU
		{0464F011-F010-0B25-7974-8202A9858D6E}.Release|Any CPU.Build.0 = Release|Any CPU
	EndGlobalSection
	GlobalSection(SolutionProperties) = preSolution
		HideSolutionNode = FALSE
	EndGlobalSection
	GlobalSection(ExtensibilityGlobals) = postSolution
		SolutionGuid = {D19ABDC7-4FE7-4889-91F6-ACB8CB0FDBA5}
	EndGlobalSection
EndGlobal
